// !$*UTF8*$!
{
	archiveVersion = 1;
	classes = {
	};
	objectVersion = 48;
	objects = {

/* Begin PBXBuildFile section */
		97416572200665E9001DFE37 /* AppDelegate.swift in Sources */ = {isa = PBXBuildFile; fileRef = 97416571200665E9001DFE37 /* AppDelegate.swift */; };
		97416574200665E9001DFE37 /* QuickLoginViewController.swift in Sources */ = {isa = PBXBuildFile; fileRef = 97416573200665E9001DFE37 /* QuickLoginViewController.swift */; };
		97416577200665E9001DFE37 /* Main.storyboard in Resources */ = {isa = PBXBuildFile; fileRef = 97416575200665E9001DFE37 /* Main.storyboard */; };
		97416579200665E9001DFE37 /* Assets.xcassets in Resources */ = {isa = PBXBuildFile; fileRef = 97416578200665E9001DFE37 /* Assets.xcassets */; };
		9741657C200665E9001DFE37 /* LaunchScreen.storyboard in Resources */ = {isa = PBXBuildFile; fileRef = 9741657A200665E9001DFE37 /* LaunchScreen.storyboard */; };
		974165842006662A001DFE37 /* PinEntryView.swift in Sources */ = {isa = PBXBuildFile; fileRef = 974165832006662A001DFE37 /* PinEntryView.swift */; };
		975763D1200FE39D00870C1C /* LoginViewModel.swift in Sources */ = {isa = PBXBuildFile; fileRef = 975763D0200FE39D00870C1C /* LoginViewModel.swift */; };
		97704D6C200FF92A0001F0E0 /* Chain.swift in Sources */ = {isa = PBXBuildFile; fileRef = 97704D6B200FF92A0001F0E0 /* Chain.swift */; };
		97704D6E200FF97C0001F0E0 /* PaycomESSUserDefaultKeys.swift in Sources */ = {isa = PBXBuildFile; fileRef = 97704D6D200FF97C0001F0E0 /* PaycomESSUserDefaultKeys.swift */; };
		97752FC1200E67F100ECA815 /* UIView+Extension.swift in Sources */ = {isa = PBXBuildFile; fileRef = 97752FC0200E67F100ECA815 /* UIView+Extension.swift */; };
		97764E92200D461800120E55 /* LoginModel.swift in Sources */ = {isa = PBXBuildFile; fileRef = 97764E91200D461800120E55 /* LoginModel.swift */; };
		977E37692007AD1F008D3F3C /* PinEntryDotView.swift in Sources */ = {isa = PBXBuildFile; fileRef = 977E37682007AD1F008D3F3C /* PinEntryDotView.swift */; };
		97DE5376200F949B00A0FBD2 /* PaycomUILabel.swift in Sources */ = {isa = PBXBuildFile; fileRef = 97DE5375200F949B00A0FBD2 /* PaycomUILabel.swift */; };
/* End PBXBuildFile section */

/* Begin PBXFileReference section */
		9741656E200665E9001DFE37 /* pinEntryUI.app */ = {isa = PBXFileReference; explicitFileType = wrapper.application; includeInIndex = 0; path = pinEntryUI.app; sourceTree = BUILT_PRODUCTS_DIR; };
		97416571200665E9001DFE37 /* AppDelegate.swift */ = {isa = PBXFileReference; lastKnownFileType = sourcecode.swift; path = AppDelegate.swift; sourceTree = "<group>"; };
		97416573200665E9001DFE37 /* QuickLoginViewController.swift */ = {isa = PBXFileReference; lastKnownFileType = sourcecode.swift; path = QuickLoginViewController.swift; sourceTree = "<group>"; };
		97416576200665E9001DFE37 /* Base */ = {isa = PBXFileReference; lastKnownFileType = file.storyboard; name = Base; path = Base.lproj/Main.storyboard; sourceTree = "<group>"; };
		97416578200665E9001DFE37 /* Assets.xcassets */ = {isa = PBXFileReference; lastKnownFileType = folder.assetcatalog; path = Assets.xcassets; sourceTree = "<group>"; };
		9741657B200665E9001DFE37 /* Base */ = {isa = PBXFileReference; lastKnownFileType = file.storyboard; name = Base; path = Base.lproj/LaunchScreen.storyboard; sourceTree = "<group>"; };
		9741657D200665E9001DFE37 /* Info.plist */ = {isa = PBXFileReference; lastKnownFileType = text.plist.xml; path = Info.plist; sourceTree = "<group>"; };
		974165832006662A001DFE37 /* PinEntryView.swift */ = {isa = PBXFileReference; lastKnownFileType = sourcecode.swift; path = PinEntryView.swift; sourceTree = "<group>"; };
		975763D0200FE39D00870C1C /* LoginViewModel.swift */ = {isa = PBXFileReference; lastKnownFileType = sourcecode.swift; path = LoginViewModel.swift; sourceTree = "<group>"; };
		97704D6B200FF92A0001F0E0 /* Chain.swift */ = {isa = PBXFileReference; lastKnownFileType = sourcecode.swift; path = Chain.swift; sourceTree = "<group>"; };
		97704D6D200FF97C0001F0E0 /* PaycomESSUserDefaultKeys.swift */ = {isa = PBXFileReference; lastKnownFileType = sourcecode.swift; path = PaycomESSUserDefaultKeys.swift; sourceTree = "<group>"; };
		97752FC0200E67F100ECA815 /* UIView+Extension.swift */ = {isa = PBXFileReference; lastKnownFileType = sourcecode.swift; path = "UIView+Extension.swift"; sourceTree = "<group>"; };
		97764E91200D461800120E55 /* LoginModel.swift */ = {isa = PBXFileReference; lastKnownFileType = sourcecode.swift; path = LoginModel.swift; sourceTree = "<group>"; };
		977E37682007AD1F008D3F3C /* PinEntryDotView.swift */ = {isa = PBXFileReference; lastKnownFileType = sourcecode.swift; path = PinEntryDotView.swift; sourceTree = "<group>"; };
		97DE5375200F949B00A0FBD2 /* PaycomUILabel.swift */ = {isa = PBXFileReference; lastKnownFileType = sourcecode.swift; path = PaycomUILabel.swift; sourceTree = "<group>"; };
/* End PBXFileReference section */

/* Begin PBXFrameworksBuildPhase section */
		9741656B200665E9001DFE37 /* Frameworks */ = {
			isa = PBXFrameworksBuildPhase;
			buildActionMask = 2147483647;
			files = (
			);
			runOnlyForDeploymentPostprocessing = 0;
		};
/* End PBXFrameworksBuildPhase section */

/* Begin PBXGroup section */
		97416565200665E9001DFE37 = {
			isa = PBXGroup;
			children = (
				97416570200665E9001DFE37 /* pinEntryUI */,
				9741656F200665E9001DFE37 /* Products */,
			);
			sourceTree = "<group>";
		};
		9741656F200665E9001DFE37 /* Products */ = {
			isa = PBXGroup;
			children = (
				9741656E200665E9001DFE37 /* pinEntryUI.app */,
			);
			name = Products;
			sourceTree = "<group>";
		};
		97416570200665E9001DFE37 /* pinEntryUI */ = {
			isa = PBXGroup;
			children = (
				97416571200665E9001DFE37 /* AppDelegate.swift */,
				97416573200665E9001DFE37 /* QuickLoginViewController.swift */,
				977E37682007AD1F008D3F3C /* PinEntryDotView.swift */,
				975763D0200FE39D00870C1C /* LoginViewModel.swift */,
				97704D6B200FF92A0001F0E0 /* Chain.swift */,
				974165832006662A001DFE37 /* PinEntryView.swift */,
				97DE5375200F949B00A0FBD2 /* PaycomUILabel.swift */,
				97752FC0200E67F100ECA815 /* UIView+Extension.swift */,
				97764E91200D461800120E55 /* LoginModel.swift */,
				97704D6D200FF97C0001F0E0 /* PaycomESSUserDefaultKeys.swift */,
				97416575200665E9001DFE37 /* Main.storyboard */,
				97416578200665E9001DFE37 /* Assets.xcassets */,
				9741657A200665E9001DFE37 /* LaunchScreen.storyboard */,
				9741657D200665E9001DFE37 /* Info.plist */,
			);
			path = pinEntryUI;
			sourceTree = "<group>";
		};
/* End PBXGroup section */

/* Begin PBXNativeTarget section */
		9741656D200665E9001DFE37 /* pinEntryUI */ = {
			isa = PBXNativeTarget;
			buildConfigurationList = 97416580200665E9001DFE37 /* Build configuration list for PBXNativeTarget "pinEntryUI" */;
			buildPhases = (
				9741656A200665E9001DFE37 /* Sources */,
				9741656B200665E9001DFE37 /* Frameworks */,
				9741656C200665E9001DFE37 /* Resources */,
			);
			buildRules = (
			);
			dependencies = (
			);
			name = pinEntryUI;
			productName = pinEntryUI;
			productReference = 9741656E200665E9001DFE37 /* pinEntryUI.app */;
			productType = "com.apple.product-type.application";
		};
/* End PBXNativeTarget section */

/* Begin PBXProject section */
		97416566200665E9001DFE37 /* Project object */ = {
			isa = PBXProject;
			attributes = {
				LastSwiftUpdateCheck = 0920;
				LastUpgradeCheck = 0920;
				ORGANIZATIONNAME = Paycom;
				TargetAttributes = {
					9741656D200665E9001DFE37 = {
						CreatedOnToolsVersion = 9.2;
						ProvisioningStyle = Automatic;
					};
				};
			};
			buildConfigurationList = 97416569200665E9001DFE37 /* Build configuration list for PBXProject "pinEntryUI" */;
			compatibilityVersion = "Xcode 8.0";
			developmentRegion = en;
			hasScannedForEncodings = 0;
			knownRegions = (
				en,
				Base,
			);
			mainGroup = 97416565200665E9001DFE37;
			productRefGroup = 9741656F200665E9001DFE37 /* Products */;
			projectDirPath = "";
			projectRoot = "";
			targets = (
				9741656D200665E9001DFE37 /* pinEntryUI */,
			);
		};
/* End PBXProject section */

/* Begin PBXResourcesBuildPhase section */
		9741656C200665E9001DFE37 /* Resources */ = {
			isa = PBXResourcesBuildPhase;
			buildActionMask = 2147483647;
			files = (
				9741657C200665E9001DFE37 /* LaunchScreen.storyboard in Resources */,
				97416579200665E9001DFE37 /* Assets.xcassets in Resources */,
				97416577200665E9001DFE37 /* Main.storyboard in Resources */,
			);
			runOnlyForDeploymentPostprocessing = 0;
		};
/* End PBXResourcesBuildPhase section */

/* Begin PBXSourcesBuildPhase section */
		9741656A200665E9001DFE37 /* Sources */ = {
			isa = PBXSourcesBuildPhase;
			buildActionMask = 2147483647;
			files = (
				97752FC1200E67F100ECA815 /* UIView+Extension.swift in Sources */,
				97764E92200D461800120E55 /* LoginModel.swift in Sources */,
				97416574200665E9001DFE37 /* QuickLoginViewController.swift in Sources */,
				97704D6C200FF92A0001F0E0 /* Chain.swift in Sources */,
				97416572200665E9001DFE37 /* AppDelegate.swift in Sources */,
				975763D1200FE39D00870C1C /* LoginViewModel.swift in Sources */,
				974165842006662A001DFE37 /* PinEntryView.swift in Sources */,
				97DE5376200F949B00A0FBD2 /* PaycomUILabel.swift in Sources */,
				977E37692007AD1F008D3F3C /* PinEntryDotView.swift in Sources */,
				97704D6E200FF97C0001F0E0 /* PaycomESSUserDefaultKeys.swift in Sources */,
			);
			runOnlyForDeploymentPostprocessing = 0;
		};
/* End PBXSourcesBuildPhase section */

/* Begin PBXVariantGroup section */
		97416575200665E9001DFE37 /* Main.storyboard */ = {
			isa = PBXVariantGroup;
			children = (
				97416576200665E9001DFE37 /* Base */,
			);
			name = Main.storyboard;
			sourceTree = "<group>";
		};
		9741657A200665E9001DFE37 /* LaunchScreen.storyboard */ = {
			isa = PBXVariantGroup;
			children = (
				9741657B200665E9001DFE37 /* Base */,
			);
			name = LaunchScreen.storyboard;
			sourceTree = "<group>";
		};
/* End PBXVariantGroup section */

/* Begin XCBuildConfiguration section */
		9741657E200665E9001DFE37 /* Debug */ = {
			isa = XCBuildConfiguration;
			buildSettings = {
				ALWAYS_SEARCH_USER_PATHS = NO;
				CLANG_ANALYZER_NONNULL = YES;
				CLANG_ANALYZER_NUMBER_OBJECT_CONVERSION = YES_AGGRESSIVE;
				CLANG_CXX_LANGUAGE_STANDARD = "gnu++14";
				CLANG_CXX_LIBRARY = "libc++";
				CLANG_ENABLE_MODULES = YES;
				CLANG_ENABLE_OBJC_ARC = YES;
				CLANG_WARN_BLOCK_CAPTURE_AUTORELEASING = YES;
				CLANG_WARN_BOOL_CONVERSION = YES;
				CLANG_WARN_COMMA = YES;
				CLANG_WARN_CONSTANT_CONVERSION = YES;
				CLANG_WARN_DIRECT_OBJC_ISA_USAGE = YES_ERROR;
				CLANG_WARN_DOCUMENTATION_COMMENTS = YES;
				CLANG_WARN_EMPTY_BODY = YES;
				CLANG_WARN_ENUM_CONVERSION = YES;
				CLANG_WARN_INFINITE_RECURSION = YES;
				CLANG_WARN_INT_CONVERSION = YES;
				CLANG_WARN_NON_LITERAL_NULL_CONVERSION = YES;
				CLANG_WARN_OBJC_LITERAL_CONVERSION = YES;
				CLANG_WARN_OBJC_ROOT_CLASS = YES_ERROR;
				CLANG_WARN_RANGE_LOOP_ANALYSIS = YES;
				CLANG_WARN_STRICT_PROTOTYPES = YES;
				CLANG_WARN_SUSPICIOUS_MOVE = YES;
				CLANG_WARN_UNGUARDED_AVAILABILITY = YES_AGGRESSIVE;
				CLANG_WARN_UNREACHABLE_CODE = YES;
				CLANG_WARN__DUPLICATE_METHOD_MATCH = YES;
				CODE_SIGN_IDENTITY = "iPhone Developer";
				COPY_PHASE_STRIP = NO;
				DEBUG_INFORMATION_FORMAT = dwarf;
				ENABLE_STRICT_OBJC_MSGSEND = YES;
				ENABLE_TESTABILITY = YES;
				GCC_C_LANGUAGE_STANDARD = gnu11;
				GCC_DYNAMIC_NO_PIC = NO;
				GCC_NO_COMMON_BLOCKS = YES;
				GCC_OPTIMIZATION_LEVEL = 0;
				GCC_PREPROCESSOR_DEFINITIONS = (
					"DEBUG=1",
					"$(inherited)",
				);
				GCC_WARN_64_TO_32_BIT_CONVERSION = YES;
				GCC_WARN_ABOUT_RETURN_TYPE = YES_ERROR;
				GCC_WARN_UNDECLARED_SELECTOR = YES;
				GCC_WARN_UNINITIALIZED_AUTOS = YES_AGGRESSIVE;
				GCC_WARN_UNUSED_FUNCTION = YES;
				GCC_WARN_UNUSED_VARIABLE = YES;
				IPHONEOS_DEPLOYMENT_TARGET = 10.3;
				MTL_ENABLE_DEBUG_INFO = YES;
				ONLY_ACTIVE_ARCH = YES;
				SDKROOT = iphoneos;
				SWIFT_ACTIVE_COMPILATION_CONDITIONS = DEBUG;
				SWIFT_OPTIMIZATION_LEVEL = "-Onone";
			};
			name = Debug;
		};
		9741657F200665E9001DFE37 /* Release */ = {
			isa = XCBuildConfiguration;
			buildSettings = {
				ALWAYS_SEARCH_USER_PATHS = NO;
				CLANG_ANALYZER_NONNULL = YES;
				CLANG_ANALYZER_NUMBER_OBJECT_CONVERSION = YES_AGGRESSIVE;
				CLANG_CXX_LANGUAGE_STANDARD = "gnu++14";
				CLANG_CXX_LIBRARY = "libc++";
				CLANG_ENABLE_MODULES = YES;
				CLANG_ENABLE_OBJC_ARC = YES;
				CLANG_WARN_BLOCK_CAPTURE_AUTORELEASING = YES;
				CLANG_WARN_BOOL_CONVERSION = YES;
				CLANG_WARN_COMMA = YES;
				CLANG_WARN_CONSTANT_CONVERSION = YES;
				CLANG_WARN_DIRECT_OBJC_ISA_USAGE = YES_ERROR;
				CLANG_WARN_DOCUMENTATION_COMMENTS = YES;
				CLANG_WARN_EMPTY_BODY = YES;
				CLANG_WARN_ENUM_CONVERSION = YES;
				CLANG_WARN_INFINITE_RECURSION = YES;
				CLANG_WARN_INT_CONVERSION = YES;
				CLANG_WARN_NON_LITERAL_NULL_CONVERSION = YES;
				CLANG_WARN_OBJC_LITERAL_CONVERSION = YES;
				CLANG_WARN_OBJC_ROOT_CLASS = YES_ERROR;
				CLANG_WARN_RANGE_LOOP_ANALYSIS = YES;
				CLANG_WARN_STRICT_PROTOTYPES = YES;
				CLANG_WARN_SUSPICIOUS_MOVE = YES;
				CLANG_WARN_UNGUARDED_AVAILABILITY = YES_AGGRESSIVE;
				CLANG_WARN_UNREACHABLE_CODE = YES;
				CLANG_WARN__DUPLICATE_METHOD_MATCH = YES;
				CODE_SIGN_IDENTITY = "iPhone Developer";
				COPY_PHASE_STRIP = NO;
				DEBUG_INFORMATION_FORMAT = "dwarf-with-dsym";
				ENABLE_NS_ASSERTIONS = NO;
				ENABLE_STRICT_OBJC_MSGSEND = YES;
				GCC_C_LANGUAGE_STANDARD = gnu11;
				GCC_NO_COMMON_BLOCKS = YES;
				GCC_WARN_64_TO_32_BIT_CONVERSION = YES;
				GCC_WARN_ABOUT_RETURN_TYPE = YES_ERROR;
				GCC_WARN_UNDECLARED_SELECTOR = YES;
				GCC_WARN_UNINITIALIZED_AUTOS = YES_AGGRESSIVE;
				GCC_WARN_UNUSED_FUNCTION = YES;
				GCC_WARN_UNUSED_VARIABLE = YES;
				IPHONEOS_DEPLOYMENT_TARGET = 10.3;
				MTL_ENABLE_DEBUG_INFO = NO;
				SDKROOT = iphoneos;
				SWIFT_OPTIMIZATION_LEVEL = "-Owholemodule";
				VALIDATE_PRODUCT = YES;
			};
			name = Release;
		};
		97416581200665E9001DFE37 /* Debug */ = {
			isa = XCBuildConfiguration;
			buildSettings = {
				ASSETCATALOG_COMPILER_APPICON_NAME = AppIcon;
				CODE_SIGN_STYLE = Automatic;
				DEVELOPMENT_TEAM = SC2L2K5U72;
				INFOPLIST_FILE = pinEntryUI/Info.plist;
				LD_RUNPATH_SEARCH_PATHS = "$(inherited) @executable_path/Frameworks";
				PRODUCT_BUNDLE_IDENTIFIER = com.paycomonline.pinEntryUI;
				PRODUCT_NAME = "$(TARGET_NAME)";
				SWIFT_VERSION = 3.0;
				TARGETED_DEVICE_FAMILY = "1,2";
			};
			name = Debug;
		};
		97416582200665E9001DFE37 /* Release */ = {
			isa = XCBuildConfiguration;
			buildSettings = {
				ASSETCATALOG_COMPILER_APPICON_NAME = AppIcon;
				CODE_SIGN_STYLE = Automatic;
				DEVELOPMENT_TEAM = SC2L2K5U72;
				INFOPLIST_FILE = pinEntryUI/Info.plist;
				LD_RUNPATH_SEARCH_PATHS = "$(inherited) @executable_path/Frameworks";
				PRODUCT_BUNDLE_IDENTIFIER = com.paycomonline.pinEntryUI;
				PRODUCT_NAME = "$(TARGET_NAME)";
				SWIFT_VERSION = 3.0;
				TARGETED_DEVICE_FAMILY = "1,2";
			};
			name = Release;
		};
/* End XCBuildConfiguration section */

/* Begin XCConfigurationList section */
		97416569200665E9001DFE37 /* Build configuration list for PBXProject "pinEntryUI" */ = {
			isa = XCConfigurationList;
			buildConfigurations = (
				9741657E200665E9001DFE37 /* Debug */,
				9741657F200665E9001DFE37 /* Release */,
			);
			defaultConfigurationIsVisible = 0;
			defaultConfigurationName = Release;
		};
		97416580200665E9001DFE37 /* Build configuration list for PBXNativeTarget "pinEntryUI" */ = {
			isa = XCConfigurationList;
			buildConfigurations = (
				97416581200665E9001DFE37 /* Debug */,
				97416582200665E9001DFE37 /* Release */,
			);
			defaultConfigurationIsVisible = 0;
			defaultConfigurationName = Release;
		};
/* End XCConfigurationList section */
	};
	rootObject = 97416566200665E9001DFE37 /* Project object */;
}
